
Microsoft Visual Studio Solution File, Format Version 12.00
# Visual Studio Version 17
VisualStudioVersion = 17.0.32126.317
MinimumVisualStudioVersion = 10.0.40219.1
Project("{FAE04EC0-301F-11D3-BF4B-00C04F79EFBC}") = "triangulo_funcoes", "triangulo_funcoes.csproj", "{55EEF07B-A05F-4690-A4B2-5AA6C53203FF}"
EndProject
Global
	GlobalSection(SolutionConfigurationPlatforms) = preSolution
		Debug|Any CPU = Debug|Any CPU
		Release|Any CPU = Release|Any CPU
	EndGlobalSection
	GlobalSection(ProjectConfigurationPlatforms) = postSolution
		{55EEF07B-A05F-4690-A4B2-5AA6C53203FF}.Debug|Any CPU.ActiveCfg = Debug|Any CPU
		{55EEF07B-A05F-4690-A4B2-5AA6C53203FF}.Debug|Any CPU.Build.0 = Debug|Any CPU
		{55EEF07B-A05F-4690-A4B2-5AA6C53203FF}.Release|Any CPU.ActiveCfg = Release|Any CPU
		{55EEF07B-A05F-4690-A4B2-5AA6C53203FF}.Release|Any CPU.Build.0 = Release|Any CPU
	EndGlobalSection
	GlobalSection(SolutionProperties) = preSolution
		HideSolutionNode = FALSE
	EndGlobalSection
	GlobalSection(ExtensibilityGlobals) = postSolution
		SolutionGuid = {082BE45E-D3EB-4CE8-B05E-154895747FF5}
	EndGlobalSection
EndGlobal
